
Microsoft Visual Studio Solution File, Format Version 12.00
# Visual Studio Version 17
VisualStudioVersion = 17.4.33205.214
MinimumVisualStudioVersion = 10.0.40219.1
Project("{FAE04EC0-301F-11D3-BF4B-00C04F79EFBC}") = "SaveThePrisioner", "SaveThePrisioner.csproj", "{548E5203-1409-4AEF-8EF7-8DE4A7730076}"
EndProject
Global
	GlobalSection(SolutionConfigurationPlatforms) = preSolution
		Debug|Any CPU = Debug|Any CPU
		Release|Any CPU = Release|Any CPU
	EndGlobalSection
	GlobalSection(ProjectConfigurationPlatforms) = postSolution
		{548E5203-1409-4AEF-8EF7-8DE4A7730076}.Debug|Any CPU.ActiveCfg = Debug|Any CPU
		{548E5203-1409-4AEF-8EF7-8DE4A7730076}.Debug|Any CPU.Build.0 = Debug|Any CPU
		{548E5203-1409-4AEF-8EF7-8DE4A7730076}.Release|Any CPU.ActiveCfg = Release|Any CPU
		{548E5203-1409-4AEF-8EF7-8DE4A7730076}.Release|Any CPU.Build.0 = Release|Any CPU
	EndGlobalSection
	GlobalSection(SolutionProperties) = preSolution
		HideSolutionNode = FALSE
	EndGlobalSection
	GlobalSection(ExtensibilityGlobals) = postSolution
		SolutionGuid = {77C8BE32-F0CC-465A-8CE2-85290E544781}
	EndGlobalSection
EndGlobal
