
Microsoft Visual Studio Solution File, Format Version 12.00
# Visual Studio Version 17
VisualStudioVersion = 17.4.33205.214
MinimumVisualStudioVersion = 10.0.40219.1
Project("{FAE04EC0-301F-11D3-BF4B-00C04F79EFBC}") = "BrithDayCakesCandles", "BrithDayCakesCandles.csproj", "{73168F19-BF30-4552-B753-390661178881}"
EndProject
Global
	GlobalSection(SolutionConfigurationPlatforms) = preSolution
		Debug|Any CPU = Debug|Any CPU
		Release|Any CPU = Release|Any CPU
	EndGlobalSection
	GlobalSection(ProjectConfigurationPlatforms) = postSolution
		{73168F19-BF30-4552-B753-390661178881}.Debug|Any CPU.ActiveCfg = Debug|Any CPU
		{73168F19-BF30-4552-B753-390661178881}.Debug|Any CPU.Build.0 = Debug|Any CPU
		{73168F19-BF30-4552-B753-390661178881}.Release|Any CPU.ActiveCfg = Release|Any CPU
		{73168F19-BF30-4552-B753-390661178881}.Release|Any CPU.Build.0 = Release|Any CPU
	EndGlobalSection
	GlobalSection(SolutionProperties) = preSolution
		HideSolutionNode = FALSE
	EndGlobalSection
	GlobalSection(ExtensibilityGlobals) = postSolution
		SolutionGuid = {74BC3240-B317-42E4-A36F-9AB4ED695430}
	EndGlobalSection
EndGlobal
